
Microsoft Visual Studio Solution File, Format Version 12.00
# Visual Studio Version 17
VisualStudioVersion = 17.4.33110.190
MinimumVisualStudioVersion = 10.0.40219.1
Project("{FAE04EC0-301F-11D3-BF4B-00C04F79EFBC}") = "Benchmarks", "Benchmarks\Benchmarks.csproj", "{065C7580-FC0C-476D-883E-F966C36C55FE}"
EndProject
Global
	GlobalSection(SolutionConfigurationPlatforms) = preSolution
		Debug|Any CPU = Debug|Any CPU
		Release|Any CPU = Release|Any CPU
	EndGlobalSection
	GlobalSection(ProjectConfigurationPlatforms) = postSolution
		{065C7580-FC0C-476D-883E-F966C36C55FE}.Debug|Any CPU.ActiveCfg = Debug|Any CPU
		{065C7580-FC0C-476D-883E-F966C36C55FE}.Debug|Any CPU.Build.0 = Debug|Any CPU
		{065C7580-FC0C-476D-883E-F966C36C55FE}.Release|Any CPU.ActiveCfg = Release|Any CPU
		{065C7580-FC0C-476D-883E-F966C36C55FE}.Release|Any CPU.Build.0 = Release|Any CPU
	EndGlobalSection
	GlobalSection(SolutionProperties) = preSolution
		HideSolutionNode = FALSE
	EndGlobalSection
	GlobalSection(ExtensibilityGlobals) = postSolution
		SolutionGuid = {2956EDC2-C248-4A0F-BE6A-3D944D80C74C}
	EndGlobalSection
EndGlobal
